isort==5.13.2
    # via -r constraints-various.unlock
pip==24.2
    # via -r constraints-various.unlock
tomli==2.0.2 ; python_version < "3.11"
    # via -r constraints-various.unlock
typing-extensions==4.12.2 ; python_version < "3.10"
    # via -r constraints-various.unlock
# no discrepancy
types-setuptools==70.1.0.20240627
# missing qualifier; both qualifiers are equivalents. Which qualifier gets used?!
colorama==0.4.5
# if same versions and missing or varying qualifiers **is not fixed**!
dolorama==0.4.6
# no entries for this package in .unlock files. Nudge pins should be appended (to .unlock)
jsort==5.13.2
