appdirs==1.4.4
    # via logging-strict
attrs==24.3.0
    # via logging-strict
backports-tarfile==1.1.1
    # via jaraco-context
black==24.4.1
    # via
    #   -r requirements/dev.in
    #   blackdoc
blackdoc==0.3.9
    # via -r requirements/dev.in
bleach==6.2.0
    # via readme-renderer
build==1.2.2.post1
    # via pip-tools
certifi==2024.8.30
    # via requests
cffi==1.17.1
    # via
    #   -c requirements/pins-cffi.in
    #   cryptography
charset-normalizer==3.3.2
    # via requests
click==8.1.8
    # via
    #   black
    #   pip-tools
    #   wreck
coverage==7.5.0
    # via -r requirements/dev.in
cryptography==42.0.5
    # via secretstorage
docutils==0.21.2
    # via readme-renderer
drain-swamp-snippet==1.0.2
    # via -r requirements/prod.shared.in
exceptiongroup==1.2.1
    # via pytest
fastjsonschema==2.19.1
    # via validate-pyproject
flake8==7.0.0
    # via
    #   -r requirements/dev.in
    #   flake8-pyi
    #   flake8-pyproject
flake8-pyi==24.4.1
    # via -r requirements/dev.in
flake8-pyproject==1.2.3
    # via -r requirements/dev.in
idna==3.7
    # via requests
importlib-metadata==8.5.0
    # via
    #   build
    #   keyring
    #   twine
    #   wreck
iniconfig==2.0.0
    # via pytest
isort==5.13.2
    # via -r requirements/dev.in
jaraco-classes==3.4.0
    # via keyring
jaraco-context==5.3.0
    # via keyring
jaraco-functools==4.0.1
    # via keyring
jeepney==0.8.0
    # via
    #   keyring
    #   secretstorage
keyring==25.1.0
    # via twine
logging-strict==1.4.2
    # via
    #   -r requirements/dev.in
    #   pytest-logging-strict
markdown-it-py==3.0.0
    # via rich
mccabe==0.7.0
    # via flake8
mdurl==0.1.2
    # via markdown-it-py
more-itertools==10.2.0
    # via
    #   blackdoc
    #   jaraco-classes
    #   jaraco-functools
mypy==1.10.0
    # via -r requirements/dev.in
mypy-extensions==1.0.0
    # via
    #   black
    #   mypy
packaging==24.2
    # via
    #   black
    #   build
    #   pip-requirements-parser
    #   pytest
    #   setuptools-scm
    #   wreck
pathspec==0.12.1
    # via
    #   black
    #   blackdoc
pip-requirements-parser==32.0.1
    # via wreck
pip-tools==7.4.1
    # via wreck
pkginfo==1.10.0
    # via twine
platformdirs==4.3.6
    # via black
pluggy==1.5.0
    # via
    #   -r requirements/prod.shared.in
    #   pytest
pycodestyle==2.11.1
    # via flake8
pycparser==2.22
    # via cffi
pyflakes==3.2.0
    # via
    #   flake8
    #   flake8-pyi
pygments==2.18.0
    # via
    #   readme-renderer
    #   rich
pyparsing==3.2.1
    # via pip-requirements-parser
pyproject-hooks==1.2.0
    # via
    #   build
    #   pip-tools
pytest==8.1.1
    # via
    #   -r requirements/dev.in
    #   pytest-datadir
    #   pytest-logging-strict
    #   pytest-regressions
pytest-datadir==1.5.0
    # via pytest-regressions
pytest-logging-strict==0.1.0.post1
    # via -r requirements/dev.in
pytest-regressions==2.5.0
    # via -r requirements/dev.in
python-dateutil==2.9.0.post0
    # via
    #   logging-strict
    #   strictyaml
pyyaml==6.0.2
    # via pytest-regressions
readme-renderer==36.0
    # via twine
requests==2.32.3
    # via
    #   requests-toolbelt
    #   twine
requests-toolbelt==1.0.0
    # via twine
rfc3986==2.0.0
    # via twine
rich==13.7.1
    # via
    #   blackdoc
    #   twine
secretstorage==3.3.3
    # via keyring
setuptools-scm==8.1.0
    # via -r requirements/prod.shared.in
six==1.17.0
    # via python-dateutil
strictyaml==1.7.3
    # via
    #   logging-strict
    #   pytest-logging-strict
tomli==2.2.1 ; python_version < "3.11"
    # via
    #   -c requirements/pins.shared.in
    #   black
    #   blackdoc
    #   build
    #   flake8-pyproject
    #   logging-strict
    #   mypy
    #   pip-tools
    #   pytest
    #   setuptools-scm
twine==5.0.0
    # via -r requirements/dev.in
types-setuptools==70.1.0.20240627
    # via -r requirements/dev.in
typing-extensions==4.12.2 ; python_version < "3.10"
    # via
    #   -c requirements/pins.shared.in
    #   black
    #   logging-strict
    #   mypy
    #   pytest-logging-strict
    #   setuptools-scm
urllib3==2.2.3
    # via
    #   requests
    #   twine
validate-pyproject==0.16
    # via -r requirements/dev.in
webencodings==0.5.1
    # via bleach
wheel==0.45.1
    # via pip-tools
wreck==0.2.4
    # via -r requirements/prod.shared.in
zipp==3.21.0
    # via importlib-metadata

# The following packages are considered to be unsafe in a requirements file:
pip==24.3.1
    # via pip-tools
setuptools==75.7.0
    # via
    #   -r requirements/prod.shared.in
    #   pip-tools
    #   setuptools-scm
