packaging==24.2
    # via setuptools-scm
setuptools-scm==8.1.0
    # via -r requirements/pip.in
tomli==2.2.1 ; python_version < "3.11"
    # via
    #   -c requirements/pins.shared.in
    #   setuptools-scm
typing-extensions==4.12.2 ; python_version < "3.10"
    # via
    #   -c requirements/pins.shared.in
    #   setuptools-scm

# The following packages are considered to be unsafe in a requirements file:
pip==24.3.1
    # via -r requirements/pip.in
setuptools==75.7.0
    # via
    #   -r requirements/pip.in
    #   setuptools-scm
