packaging==24.0
    # via setuptools-scm
setuptools-scm==8.0.4
    # via -r requirements/pip.in
tomli==2.0.1
    # via setuptools-scm
typing-extensions==4.12.2
    # via setuptools-scm

# The following packages are considered to be unsafe in a requirements file:
pip==24.0
    # via -r requirements/pip.in
setuptools==70.1.1
    # via
    #   -r requirements/pip.in
    #   setuptools-scm
